
Microsoft Visual Studio Solution File, Format Version 12.00
# Visual Studio Version 17
VisualStudioVersion = 17.11.35312.102
MinimumVisualStudioVersion = 10.0.40219.1
Project("{FAE04EC0-301F-11D3-BF4B-00C04F79EFBC}") = "Azure_Service_Bus_Topics_Dotnet", "Azure_Service_Bus_Topics_Dotnet\Azure_Service_Bus_Topics_Dotnet.csproj", "{AFB2CBAF-9C15-4BED-8D34-6D7E5A679F27}"
EndProject
Global
	GlobalSection(SolutionConfigurationPlatforms) = preSolution
		Debug|Any CPU = Debug|Any CPU
		Release|Any CPU = Release|Any CPU
	EndGlobalSection
	GlobalSection(ProjectConfigurationPlatforms) = postSolution
		{AFB2CBAF-9C15-4BED-8D34-6D7E5A679F27}.Debug|Any CPU.ActiveCfg = Debug|Any CPU
		{AFB2CBAF-9C15-4BED-8D34-6D7E5A679F27}.Debug|Any CPU.Build.0 = Debug|Any CPU
		{AFB2CBAF-9C15-4BED-8D34-6D7E5A679F27}.Release|Any CPU.ActiveCfg = Release|Any CPU
		{AFB2CBAF-9C15-4BED-8D34-6D7E5A679F27}.Release|Any CPU.Build.0 = Release|Any CPU
	EndGlobalSection
	GlobalSection(SolutionProperties) = preSolution
		HideSolutionNode = FALSE
	EndGlobalSection
	GlobalSection(ExtensibilityGlobals) = postSolution
		SolutionGuid = {5C782DF6-6634-4F64-9AA1-352015099066}
	EndGlobalSection
EndGlobal
